
Microsoft Visual Studio Solution File, Format Version 12.00
# Visual Studio 15
VisualStudioVersion = 15.0.27703.2042
MinimumVisualStudioVersion = 10.0.40219.1
Project("{FAE04EC0-301F-11D3-BF4B-00C04F79EFBC}") = "ContactLibrary", "PhoneAppProject\ContactLibrary.csproj", "{F37B7D2D-A12F-47CD-822C-4C5E8B897FC9}"
EndProject
Project("{FAE04EC0-301F-11D3-BF4B-00C04F79EFBC}") = "Program", "Palindrome\Program.csproj", "{5D6DF8C9-7F74-4BFF-8669-F02ADB31040A}"
EndProject
Project("{FAE04EC0-301F-11D3-BF4B-00C04F79EFBC}") = "UnitTestProject", "UnitTestProject\UnitTestProject.csproj", "{095FA99D-57F4-45DA-9910-F900EDF32638}"
EndProject
Global
	GlobalSection(SolutionConfigurationPlatforms) = preSolution
		Debug|Any CPU = Debug|Any CPU
		Release|Any CPU = Release|Any CPU
	EndGlobalSection
	GlobalSection(ProjectConfigurationPlatforms) = postSolution
		{F37B7D2D-A12F-47CD-822C-4C5E8B897FC9}.Debug|Any CPU.ActiveCfg = Debug|Any CPU
		{F37B7D2D-A12F-47CD-822C-4C5E8B897FC9}.Debug|Any CPU.Build.0 = Debug|Any CPU
		{F37B7D2D-A12F-47CD-822C-4C5E8B897FC9}.Release|Any CPU.ActiveCfg = Release|Any CPU
		{F37B7D2D-A12F-47CD-822C-4C5E8B897FC9}.Release|Any CPU.Build.0 = Release|Any CPU
		{5D6DF8C9-7F74-4BFF-8669-F02ADB31040A}.Debug|Any CPU.ActiveCfg = Debug|Any CPU
		{5D6DF8C9-7F74-4BFF-8669-F02ADB31040A}.Debug|Any CPU.Build.0 = Debug|Any CPU
		{5D6DF8C9-7F74-4BFF-8669-F02ADB31040A}.Release|Any CPU.ActiveCfg = Release|Any CPU
		{5D6DF8C9-7F74-4BFF-8669-F02ADB31040A}.Release|Any CPU.Build.0 = Release|Any CPU
		{095FA99D-57F4-45DA-9910-F900EDF32638}.Debug|Any CPU.ActiveCfg = Debug|Any CPU
		{095FA99D-57F4-45DA-9910-F900EDF32638}.Debug|Any CPU.Build.0 = Debug|Any CPU
		{095FA99D-57F4-45DA-9910-F900EDF32638}.Release|Any CPU.ActiveCfg = Release|Any CPU
		{095FA99D-57F4-45DA-9910-F900EDF32638}.Release|Any CPU.Build.0 = Release|Any CPU
	EndGlobalSection
	GlobalSection(SolutionProperties) = preSolution
		HideSolutionNode = FALSE
	EndGlobalSection
	GlobalSection(ExtensibilityGlobals) = postSolution
		SolutionGuid = {B6862FD0-A522-4205-AC63-38E5F74F9140}
	EndGlobalSection
EndGlobal
